{
	"name": "@nlib/afs",
	"version": "3.4.0",
	"lockfileVersion": 1,
	"requires": true,
	"dependencies": {
		"@nlib/global": {
			"version": "3.3.3",
			"resolved": "https://registry.npmjs.org/@nlib/global/-/global-3.3.3.tgz",
			"integrity": "sha512-oktOFZ/QPbIRjhcNSFeP3z4SSp7g2w1DNvZnpaTyXgs5VJSMhr+4xbnrO7AUkMiBOOaJ4/1jbcPU9+KgPKYUNw==",
			"requires": {
				"@types/webassembly-js-api": "^0.0.2"
			}
		},
		"@nlib/util": {
			"version": "3.3.3",
			"resolved": "https://registry.npmjs.org/@nlib/util/-/util-3.3.3.tgz",
			"integrity": "sha512-UDQjADIzUydqUNlAZmdsRnAVNoNxqit3UDUdK9Rm6x6ExX7Se/m+uB2nQ36Yrt8CC51Zv+/EvsSWhDj2UIzmQw==",
			"requires": {
				"@nlib/global": "^3.3.3"
			}
		},
		"@types/node": {
			"version": "11.11.3",
			"resolved": "https://registry.npmjs.org/@types/node/-/node-11.11.3.tgz",
			"integrity": "sha512-wp6IOGu1lxsfnrD+5mX6qwSwWuqsdkKKxTN4aQc4wByHAKZJf9/D4KXPQ1POUjEbnCP5LMggB0OEFNY9OTsMqg=="
		},
		"@types/semver": {
			"version": "5.5.0",
			"resolved": "https://registry.npmjs.org/@types/semver/-/semver-5.5.0.tgz",
			"integrity": "sha512-41qEJgBH/TWgo5NFSvBCJ1qkoi3Q6ONSF2avrHq1LVEZfYpdHmj0y9SuTK+u9ZhG1sYQKBL1AWXKyLWP4RaUoQ=="
		},
		"@types/webassembly-js-api": {
			"version": "0.0.2",
			"resolved": "https://registry.npmjs.org/@types/webassembly-js-api/-/webassembly-js-api-0.0.2.tgz",
			"integrity": "sha512-htlxJRag6RUiMYUkS8Fjup+TMHO0VarpiF9MrqYaGJ0wXtIraQFz40rfA8VIeCiWy8sgpv3RLmigpgicG8fqGA=="
		},
		"semver": {
			"version": "5.6.0",
			"resolved": "https://registry.npmjs.org/semver/-/semver-5.6.0.tgz",
			"integrity": "sha512-RS9R6R35NYgQn++fkDWaOmqGoj4Ek9gGs+DPxNUZKuwE183xjJroKvyo1IzVFeXvUrvmALy6FWD5xrdJT25gMg=="
		}
	}
}
