{
	"name": "@nlib/afs",
	"version": "3.5.0",
	"lockfileVersion": 1,
	"requires": true,
	"dependencies": {
		"@types/semver": {
			"version": "5.5.0",
			"resolved": "https://registry.npmjs.org/@types/semver/-/semver-5.5.0.tgz",
			"integrity": "sha512-41qEJgBH/TWgo5NFSvBCJ1qkoi3Q6ONSF2avrHq1LVEZfYpdHmj0y9SuTK+u9ZhG1sYQKBL1AWXKyLWP4RaUoQ=="
		},
		"semver": {
			"version": "6.0.0",
			"resolved": "https://registry.npmjs.org/semver/-/semver-6.0.0.tgz",
			"integrity": "sha512-0UewU+9rFapKFnlbirLi3byoOuhrSsli/z/ihNnvM24vgF+8sNBiI1LZPBSH9wJKUwaUbw+s3hToDLCXkrghrQ=="
		}
	}
}
