{
    "name": "@nlib/afs",
    "version": "3.15.1",
    "lockfileVersion": 1,
    "requires": true,
    "dependencies": {
        "semver": {
            "version": "7.0.0",
            "resolved": "https://registry.npmjs.org/semver/-/semver-7.0.0.tgz",
            "integrity": "sha512-+GB6zVA9LWh6zovYQLALHwv5rb2PHGlJi3lfiqIHxR0uuwCgefcOJc59v9fv1w8GbStwxuuqqAjI9NMAOOgq1A=="
        }
    }
}
