{
	"name": "@nlib/global",
	"version": "3.5.0",
	"lockfileVersion": 1,
	"requires": true,
	"dependencies": {
		"@types/webassembly-js-api": {
			"version": "0.0.2",
			"resolved": "https://registry.npmjs.org/@types/webassembly-js-api/-/webassembly-js-api-0.0.2.tgz",
			"integrity": "sha512-htlxJRag6RUiMYUkS8Fjup+TMHO0VarpiF9MrqYaGJ0wXtIraQFz40rfA8VIeCiWy8sgpv3RLmigpgicG8fqGA=="
		}
	}
}
