{
	"name": "@nlib/global",
	"version": "3.7.0",
	"lockfileVersion": 1,
	"requires": true,
	"dependencies": {
		"@types/webassembly-js-api": {
			"version": "0.0.3",
			"resolved": "https://registry.npmjs.org/@types/webassembly-js-api/-/webassembly-js-api-0.0.3.tgz",
			"integrity": "sha512-9c8QN9vJKF8PYeMeh459PbCfNJVF7rJN9F7AAv7zrLvkmFC8/9OhUTEDZnFl8JzyHDArqbEWaNh72EpmzBKo9Q=="
		}
	}
}
