{
	"name": "@nlib/afs",
	"version": "0.0.1",
	"lockfileVersion": 1,
	"requires": true,
	"dependencies": {
		"@types/lockfile": {
			"version": "1.0.0",
			"resolved": "https://registry.npmjs.org/@types/lockfile/-/lockfile-1.0.0.tgz",
			"integrity": "sha512-pD6JuijPmrfi84qF3/TzGQ7zi0QIX+d7ZdetD6jUA6cp+IsCzAquXZfi5viesew+pfpOTIdAVKuh1SHA7KeKzg=="
		},
		"@types/node": {
			"version": "10.12.15",
			"resolved": "https://registry.npmjs.org/@types/node/-/node-10.12.15.tgz",
			"integrity": "sha512-9kROxduaN98QghwwHmxXO2Xz3MaWf+I1sLVAA6KJDF5xix+IyXVhds0MAfdNwtcpSrzhaTsNB0/jnL86fgUhqA=="
		},
		"lockfile": {
			"version": "1.0.4",
			"resolved": "https://registry.npmjs.org/lockfile/-/lockfile-1.0.4.tgz",
			"integrity": "sha512-cvbTwETRfsFh4nHsL1eGWapU1XFi5Ot9E85sWAwia7Y7EgB7vfqcZhTKZ+l7hCGxSPoushMv5GKhT5PdLv03WA==",
			"requires": {
				"signal-exit": "^3.0.2"
			}
		},
		"signal-exit": {
			"version": "3.0.2",
			"resolved": "https://registry.npmjs.org/signal-exit/-/signal-exit-3.0.2.tgz",
			"integrity": "sha1-tf3AjxKH6hF4Yo5BXiUTK3NkbG0="
		}
	}
}
